<?xml version="1.0" encoding="utf-8"?>
<Project ToolsVersion="4.0" xmlns="http://schemas.microsoft.com/developer/msbuild/2003">
  <ItemGroup>
    <Filter Include="zygo">
      <UniqueIdentifier>{fb8af233-bfed-4e4c-801c-a21cd462f853}</UniqueIdentifier>
    </Filter>
    <Filter Include="zygo\app">
      <UniqueIdentifier>{070c755a-b3a6-453a-a0c8-37f1c9b34cdc}</UniqueIdentifier>
    </Filter>
    <Filter Include="zygo\core">
      <UniqueIdentifier>{0960bcf9-7436-475c-88ce-a48dc33904da}</UniqueIdentifier>
    </Filter>
    <Filter Include="zygo\core\encoding">
      <UniqueIdentifier>{2a5327c3-c6e8-4a46-b00f-8da413062a8b}</UniqueIdentifier>
    </Filter>
    <Filter Include="zygo\core\io">
      <UniqueIdentifier>{6e859b56-3846-4000-b598-ad690a8419bd}</UniqueIdentifier>
    </Filter>
    <Filter Include="zygo\debug">
      <UniqueIdentifier>{5e3ea7dc-bf81-4ba3-8529-0925b0a7bc0d}</UniqueIdentifier>
    </Filter>
    <Filter Include="zygo\math">
      <UniqueIdentifier>{523e6ba4-4a3c-4c6f-896c-7e780efe70c8}</UniqueIdentifier>
    </Filter>
    <Filter Include="zygo\math\common">
      <UniqueIdentifier>{e1a40708-3a82-46e1-b589-4f6e7abed58d}</UniqueIdentifier>
    </Filter>
    <Filter Include="zygo\crypto">
      <UniqueIdentifier>{46a8f1ea-eaf8-450e-a3cf-0d7f6e23cbed}</UniqueIdentifier>
    </Filter>
    <Filter Include="zygo\crypto\aes">
      <UniqueIdentifier>{8b3be101-9649-4b79-90c1-b620d53e8815}</UniqueIdentifier>
    </Filter>
    <Filter Include="zygo\crypto\sha">
      <UniqueIdentifier>{c771f350-61b3-4629-a9f6-5d5a30468130}</UniqueIdentifier>
    </Filter>
    <Filter Include="zygo\random">
      <UniqueIdentifier>{0bbd654d-1f42-41a7-aae0-3d0b0bc5c660}</UniqueIdentifier>
    </Filter>
    <Filter Include="zygo\math\vector">
      <UniqueIdentifier>{955ad310-bdb4-4e02-bab6-338c9a36d87c}</UniqueIdentifier>
    </Filter>
    <Filter Include="zygo\io_helpers">
      <UniqueIdentifier>{221744c6-631b-4c65-8580-0eb8025dcd23}</UniqueIdentifier>
    </Filter>
    <Filter Include="zygo\containers">
      <UniqueIdentifier>{0a0e845c-5061-46d1-9fae-01da3fd4d39d}</UniqueIdentifier>
    </Filter>
    <Filter Include="zygo\math\matrix">
      <UniqueIdentifier>{38ef65c7-d42a-43d1-aae2-834e059423d6}</UniqueIdentifier>
    </Filter>
    <Filter Include="zygo\math\matrix\small_fast_matrix">
      <UniqueIdentifier>{265e4973-7f23-4272-b071-f2240ebb9b4d}</UniqueIdentifier>
    </Filter>
    <Filter Include="zygo\geometry">
      <UniqueIdentifier>{9be8f311-f205-4b2f-9bc9-1f74ee004df3}</UniqueIdentifier>
    </Filter>
    <Filter Include="zygo\geometry\intersection">
      <UniqueIdentifier>{4b666ad4-fcfa-470f-8350-c3bab520b380}</UniqueIdentifier>
    </Filter>
    <Filter Include="zygo\geometry\segment">
      <UniqueIdentifier>{900856af-0c03-4c22-b35f-f9481d28471d}</UniqueIdentifier>
    </Filter>
    <Filter Include="zygo\geometry\primitive">
      <UniqueIdentifier>{5a270feb-4e47-43f6-b354-5631655d7708}</UniqueIdentifier>
    </Filter>
    <Filter Include="zygo\control">
      <UniqueIdentifier>{35fbdfae-c56f-407e-83ca-e0ae2e8ed5c1}</UniqueIdentifier>
    </Filter>
    <Filter Include="zygo\control\pid">
      <UniqueIdentifier>{ce82f572-03bb-4cef-9243-8831b7aaee49}</UniqueIdentifier>
    </Filter>
    <Filter Include="zygo\math\quaternion">
      <UniqueIdentifier>{93269c0e-f559-4a92-a3fe-2e9c6304208b}</UniqueIdentifier>
    </Filter>
    <Filter Include="zygo\math\bigint">
      <UniqueIdentifier>{f603be4d-467b-44f1-ace6-880261ff0d33}</UniqueIdentifier>
    </Filter>
    <Filter Include="zygo\containers\circular_buffer">
      <UniqueIdentifier>{cab2f931-6981-4e7e-b4ed-99f710103837}</UniqueIdentifier>
    </Filter>
    <Filter Include="zygo\physics">
      <UniqueIdentifier>{fcab6e0e-aa06-444f-866f-779d990879b1}</UniqueIdentifier>
    </Filter>
    <Filter Include="zygo\physics\body">
      <UniqueIdentifier>{bc5082be-ed2b-4e96-9042-69ace3a6d106}</UniqueIdentifier>
    </Filter>
    <Filter Include="zygo\physics\joint">
      <UniqueIdentifier>{f5f2203d-1806-4e45-ae1e-65dd062a9311}</UniqueIdentifier>
    </Filter>
    <Filter Include="zygo\physics\shape">
      <UniqueIdentifier>{884bf35e-2512-45d1-9b77-70ca78826884}</UniqueIdentifier>
    </Filter>
    <Filter Include="zygo\physics\terrain">
      <UniqueIdentifier>{a2d77b51-1df4-4b6d-a672-0c6de21f9d6c}</UniqueIdentifier>
    </Filter>
    <Filter Include="zygo\physics\world">
      <UniqueIdentifier>{85fbf212-263b-4398-b3a2-41104c6a5e51}</UniqueIdentifier>
    </Filter>
  </ItemGroup>
  <ItemGroup>
    <ClCompile Include="src\zygo\app\sim_clock.cpp">
      <Filter>zygo\app</Filter>
    </ClCompile>
    <ClCompile Include="src\zygo\core\io\byte_reader.cpp">
      <Filter>zygo\core\io</Filter>
    </ClCompile>
    <ClCompile Include="src\zygo\core\io\byte_writer.cpp">
      <Filter>zygo\core\io</Filter>
    </ClCompile>
    <ClCompile Include="src\zygo\core\stopwatch.cpp">
      <Filter>zygo\core</Filter>
    </ClCompile>
    <ClCompile Include="src\zygo\core\str.cpp">
      <Filter>zygo\core</Filter>
    </ClCompile>
    <ClCompile Include="src\zygo\crypto\sha\sha160.cpp">
      <Filter>zygo\crypto\sha</Filter>
    </ClCompile>
    <ClCompile Include="src\zygo\crypto\sha\sha256.cpp">
      <Filter>zygo\crypto\sha</Filter>
    </ClCompile>
    <ClCompile Include="src\zygo\crypto\aes\aes128.cpp">
      <Filter>zygo\crypto\aes</Filter>
    </ClCompile>
    <ClCompile Include="src\zygo\random\random.cpp">
      <Filter>zygo\random</Filter>
    </ClCompile>
    <ClCompile Include="src\zygo\math\vector\vec2.cpp">
      <Filter>zygo\math\vector</Filter>
    </ClCompile>
    <ClCompile Include="src\zygo\math\vector\vec2int.cpp">
      <Filter>zygo\math\vector</Filter>
    </ClCompile>
    <ClCompile Include="src\zygo\math\vector\vec2short.cpp">
      <Filter>zygo\math\vector</Filter>
    </ClCompile>
    <ClCompile Include="src\zygo\math\vector\vec3.cpp">
      <Filter>zygo\math\vector</Filter>
    </ClCompile>
    <ClCompile Include="src\zygo\math\vector\vec3int.cpp">
      <Filter>zygo\math\vector</Filter>
    </ClCompile>
    <ClCompile Include="src\zygo\math\vector\vec3short.cpp">
      <Filter>zygo\math\vector</Filter>
    </ClCompile>
    <ClCompile Include="src\zygo\math\vector\vec4.cpp">
      <Filter>zygo\math\vector</Filter>
    </ClCompile>
    <ClCompile Include="src\zygo\math\common\angle.cpp">
      <Filter>zygo\math\common</Filter>
    </ClCompile>
    <ClCompile Include="src\zygo\math\common\scalar.cpp">
      <Filter>zygo\math\common</Filter>
    </ClCompile>
    <ClCompile Include="src\zygo\math\common\array_funcs.cpp">
      <Filter>zygo\math\common</Filter>
    </ClCompile>
    <ClCompile Include="src\zygo\debug\vectors_to_string.cpp">
      <Filter>zygo\debug</Filter>
    </ClCompile>
    <ClCompile Include="src\zygo\math\vector\cross_vectors_funcs.cpp">
      <Filter>zygo\math\vector</Filter>
    </ClCompile>
    <ClCompile Include="src\zygo\random\weighted_choice.cpp">
      <Filter>zygo\random</Filter>
    </ClCompile>
    <ClCompile Include="src\zygo\debug\print_array.cpp">
      <Filter>zygo\debug</Filter>
    </ClCompile>
    <ClCompile Include="src\zygo\math\common\color.cpp">
      <Filter>zygo\math\common</Filter>
    </ClCompile>
    <ClCompile Include="src\zygo\io_helpers\file_name.cpp">
      <Filter>zygo\io_helpers</Filter>
    </ClCompile>
    <ClCompile Include="src\zygo\core\encoding\hex.cpp">
      <Filter>zygo\core\encoding</Filter>
    </ClCompile>
    <ClCompile Include="src\zygo\core\encoding\digit.cpp">
      <Filter>zygo\core\encoding</Filter>
    </ClCompile>
    <ClCompile Include="src\zygo\core\encoding\base64.cpp">
      <Filter>zygo\core\encoding</Filter>
    </ClCompile>
    <ClCompile Include="src\zygo\containers\minmax.cpp">
      <Filter>zygo\containers</Filter>
    </ClCompile>
    <ClCompile Include="src\zygo\core\mem.cpp">
      <Filter>zygo\core</Filter>
    </ClCompile>
    <ClCompile Include="src\zygo\math\matrix\matrix.cpp">
      <Filter>zygo\math\matrix</Filter>
    </ClCompile>
    <ClCompile Include="src\zygo\math\matrix\matrix_inverse.cpp">
      <Filter>zygo\math\matrix</Filter>
    </ClCompile>
    <ClCompile Include="src\zygo\math\matrix\matrix_multiplication.cpp">
      <Filter>zygo\math\matrix</Filter>
    </ClCompile>
    <ClCompile Include="src\zygo\math\matrix\matrix_multiplication_parallel.cpp">
      <Filter>zygo\math\matrix</Filter>
    </ClCompile>
    <ClCompile Include="src\zygo\math\matrix\matrix_random.cpp">
      <Filter>zygo\math\matrix</Filter>
    </ClCompile>
    <ClCompile Include="src\zygo\math\matrix\matrix_solve.cpp">
      <Filter>zygo\math\matrix</Filter>
    </ClCompile>
    <ClCompile Include="src\zygo\math\matrix\matrix_spd_cholesky.cpp">
      <Filter>zygo\math\matrix</Filter>
    </ClCompile>
    <ClCompile Include="src\zygo\math\matrix\matrix_sub_expand.cpp">
      <Filter>zygo\math\matrix</Filter>
    </ClCompile>
    <ClCompile Include="src\zygo\math\matrix\matrix_debug.cpp">
      <Filter>zygo\math\matrix</Filter>
    </ClCompile>
    <ClCompile Include="src\zygo\geometry\intersection\intersections.cpp">
      <Filter>zygo\geometry\intersection</Filter>
    </ClCompile>
    <ClCompile Include="src\zygo\geometry\segment\segment2.cpp">
      <Filter>zygo\geometry\segment</Filter>
    </ClCompile>
    <ClCompile Include="src\zygo\geometry\segment\segment3.cpp">
      <Filter>zygo\geometry\segment</Filter>
    </ClCompile>
    <ClCompile Include="src\zygo\control\pid\pid.cpp">
      <Filter>zygo\control\pid</Filter>
    </ClCompile>
    <ClCompile Include="src\zygo\math\quaternion\quaternion.cpp">
      <Filter>zygo\math\quaternion</Filter>
    </ClCompile>
    <ClCompile Include="src\zygo\math\quaternion\quaternion_euler.cpp">
      <Filter>zygo\math\quaternion</Filter>
    </ClCompile>
    <ClCompile Include="src\zygo\math\quaternion\quaternion_imu.cpp">
      <Filter>zygo\math\quaternion</Filter>
    </ClCompile>
    <ClCompile Include="src\zygo\math\quaternion\quaternion_interpolations.cpp">
      <Filter>zygo\math\quaternion</Filter>
    </ClCompile>
    <ClCompile Include="src\zygo\math\quaternion\quaternion_matrix.cpp">
      <Filter>zygo\math\quaternion</Filter>
    </ClCompile>
    <ClCompile Include="src\zygo\math\quaternion\quaternion_operators.cpp">
      <Filter>zygo\math\quaternion</Filter>
    </ClCompile>
    <ClCompile Include="src\zygo\math\quaternion\quaternion_rotation.cpp">
      <Filter>zygo\math\quaternion</Filter>
    </ClCompile>
    <ClCompile Include="src\zygo\math\bigint\big_int.cpp">
      <Filter>zygo\math\bigint</Filter>
    </ClCompile>
    <ClCompile Include="src\zygo\math\bigint\big_int_32.cpp">
      <Filter>zygo\math\bigint</Filter>
    </ClCompile>
    <ClCompile Include="src\zygo\math\bigint\big_int3.cpp">
      <Filter>zygo\math\bigint</Filter>
    </ClCompile>
    <ClCompile Include="src\zygo\debug\print_matrix.cpp">
      <Filter>zygo\debug</Filter>
    </ClCompile>
    <ClCompile Include="src\zygo\io_helpers\matrix_serialize.cpp">
      <Filter>zygo\io_helpers</Filter>
    </ClCompile>
    <ClCompile Include="src\zygo\physics\body\articulated_body.cpp">
      <Filter>zygo\physics\body</Filter>
    </ClCompile>
    <ClCompile Include="src\zygo\physics\body\rigid_body.cpp">
      <Filter>zygo\physics\body</Filter>
    </ClCompile>
    <ClCompile Include="src\zygo\physics\body\rigid_body_create.cpp">
      <Filter>zygo\physics\body</Filter>
    </ClCompile>
    <ClCompile Include="src\zygo\physics\body\rigid_body_integrate.cpp">
      <Filter>zygo\physics\body</Filter>
    </ClCompile>
    <ClCompile Include="src\zygo\physics\joint\hinge_joint.cpp">
      <Filter>zygo\physics\joint</Filter>
    </ClCompile>
    <ClCompile Include="src\zygo\physics\joint\hinge_joint_limit.cpp">
      <Filter>zygo\physics\joint</Filter>
    </ClCompile>
    <ClCompile Include="src\zygo\physics\joint\hinge_joint_motor.cpp">
      <Filter>zygo\physics\joint</Filter>
    </ClCompile>
    <ClCompile Include="src\zygo\physics\joint\joint_limits.cpp">
      <Filter>zygo\physics\joint</Filter>
    </ClCompile>
    <ClCompile Include="src\zygo\physics\world\physics_world.cpp">
      <Filter>zygo\physics\world</Filter>
    </ClCompile>
    <ClCompile Include="src\zygo\physics\terrain\terrain.cpp">
      <Filter>zygo\physics\terrain</Filter>
    </ClCompile>
    <ClCompile Include="src\zygo\physics\shape\shape.cpp">
      <Filter>zygo\physics\shape</Filter>
    </ClCompile>
    <ClCompile Include="src\zygo\physics\shape\shape_box.cpp">
      <Filter>zygo\physics\shape</Filter>
    </ClCompile>
    <ClCompile Include="src\zygo\physics\shape\shape_capsule.cpp">
      <Filter>zygo\physics\shape</Filter>
    </ClCompile>
    <ClCompile Include="src\zygo\physics\shape\shape_cylinder.cpp">
      <Filter>zygo\physics\shape</Filter>
    </ClCompile>
    <ClCompile Include="src\zygo\physics\shape\shape_sphere.cpp">
      <Filter>zygo\physics\shape</Filter>
    </ClCompile>
    <ClCompile Include="src\zygo\physics\phys_math.cpp">
      <Filter>zygo\physics</Filter>
    </ClCompile>
    <ClCompile Include="src\zygo\physics\solver_statistics.cpp">
      <Filter>zygo\physics</Filter>
    </ClCompile>
    <ClCompile Include="src\zygo\physics\joint\hinge_joint_warm_start.cpp">
      <Filter>zygo\physics\joint</Filter>
    </ClCompile>
    <ClCompile Include="src\zygo\physics\joint\hinge_joint_velocity_solver.cpp">
      <Filter>zygo\physics\joint</Filter>
    </ClCompile>
    <ClCompile Include="src\zygo\physics\joint\hinge_joint_position_solver.cpp">
      <Filter>zygo\physics\joint</Filter>
    </ClCompile>
  </ItemGroup>
  <ItemGroup>
    <ClInclude Include="src\zygo\app\sim_clock.h">
      <Filter>zygo\app</Filter>
    </ClInclude>
    <ClInclude Include="src\zygo\core\io\byte_reader.h">
      <Filter>zygo\core\io</Filter>
    </ClInclude>
    <ClInclude Include="src\zygo\core\io\byte_writer.h">
      <Filter>zygo\core\io</Filter>
    </ClInclude>
    <ClInclude Include="src\zygo\core\encoding\base64.h">
      <Filter>zygo\core\encoding</Filter>
    </ClInclude>
    <ClInclude Include="src\zygo\core\encoding\digit.h">
      <Filter>zygo\core\encoding</Filter>
    </ClInclude>
    <ClInclude Include="src\zygo\core\encoding\hex.h">
      <Filter>zygo\core\encoding</Filter>
    </ClInclude>
    <ClInclude Include="src\zygo\core\assert.h">
      <Filter>zygo\core</Filter>
    </ClInclude>
    <ClInclude Include="src\zygo\core\endian.h">
      <Filter>zygo\core</Filter>
    </ClInclude>
    <ClInclude Include="src\zygo\core\mem.h">
      <Filter>zygo\core</Filter>
    </ClInclude>
    <ClInclude Include="src\zygo\core\stopwatch.h">
      <Filter>zygo\core</Filter>
    </ClInclude>
    <ClInclude Include="src\zygo\core\str.h">
      <Filter>zygo\core</Filter>
    </ClInclude>
    <ClInclude Include="src\zygo\core\types.h">
      <Filter>zygo\core</Filter>
    </ClInclude>
    <ClInclude Include="src\zygo\debug\print_array.h">
      <Filter>zygo\debug</Filter>
    </ClInclude>
    <ClInclude Include="src\zygo\math\common\array_funcs.h">
      <Filter>zygo\math\common</Filter>
    </ClInclude>
    <ClInclude Include="src\zygo\debug\useful_macros.h">
      <Filter>zygo\debug</Filter>
    </ClInclude>
    <ClInclude Include="src\zygo\math\common\consts.h">
      <Filter>zygo\math\common</Filter>
    </ClInclude>
    <ClInclude Include="src\zygo\crypto\sha\sha160.h">
      <Filter>zygo\crypto\sha</Filter>
    </ClInclude>
    <ClInclude Include="src\zygo\crypto\sha\sha256.h">
      <Filter>zygo\crypto\sha</Filter>
    </ClInclude>
    <ClInclude Include="src\zygo\crypto\aes\aes128.h">
      <Filter>zygo\crypto\aes</Filter>
    </ClInclude>
    <ClInclude Include="src\zygo\random\random.h">
      <Filter>zygo\random</Filter>
    </ClInclude>
    <ClInclude Include="src\zygo\random\weighted_choice.h">
      <Filter>zygo\random</Filter>
    </ClInclude>
    <ClInclude Include="src\zygo\math\vector\vec2.h">
      <Filter>zygo\math\vector</Filter>
    </ClInclude>
    <ClInclude Include="src\zygo\math\vector\vec2int.h">
      <Filter>zygo\math\vector</Filter>
    </ClInclude>
    <ClInclude Include="src\zygo\math\vector\vec2short.h">
      <Filter>zygo\math\vector</Filter>
    </ClInclude>
    <ClInclude Include="src\zygo\math\vector\vec3.h">
      <Filter>zygo\math\vector</Filter>
    </ClInclude>
    <ClInclude Include="src\zygo\math\vector\vec3int.h">
      <Filter>zygo\math\vector</Filter>
    </ClInclude>
    <ClInclude Include="src\zygo\math\vector\vec3short.h">
      <Filter>zygo\math\vector</Filter>
    </ClInclude>
    <ClInclude Include="src\zygo\math\vector\vec4.h">
      <Filter>zygo\math\vector</Filter>
    </ClInclude>
    <ClInclude Include="src\zygo\math\common\angle.h">
      <Filter>zygo\math\common</Filter>
    </ClInclude>
    <ClInclude Include="src\zygo\math\common\scalar.h">
      <Filter>zygo\math\common</Filter>
    </ClInclude>
    <ClInclude Include="src\zygo\io_helpers\vectors_serialize.h">
      <Filter>zygo\io_helpers</Filter>
    </ClInclude>
    <ClInclude Include="src\zygo\debug\vectors_to_string.h">
      <Filter>zygo\debug</Filter>
    </ClInclude>
    <ClInclude Include="src\zygo\math\vector\cross_vectors_funcs.h">
      <Filter>zygo\math\vector</Filter>
    </ClInclude>
    <ClInclude Include="src\zygo\math\common\color.h">
      <Filter>zygo\math\common</Filter>
    </ClInclude>
    <ClInclude Include="src\zygo\io_helpers\file_name.h">
      <Filter>zygo\io_helpers</Filter>
    </ClInclude>
    <ClInclude Include="src\zygo\containers\minmax.h">
      <Filter>zygo\containers</Filter>
    </ClInclude>
    <ClInclude Include="src\zygo\math\matrix\matrix.h">
      <Filter>zygo\math\matrix</Filter>
    </ClInclude>
    <ClInclude Include="src\zygo\math\matrix\small_fast_matrix\mat3.h">
      <Filter>zygo\math\matrix\small_fast_matrix</Filter>
    </ClInclude>
    <ClInclude Include="src\zygo\geometry\primitive\triangle_with_normal.h">
      <Filter>zygo\geometry\primitive</Filter>
    </ClInclude>
    <ClInclude Include="src\zygo\geometry\intersection\intersections.h">
      <Filter>zygo\geometry\intersection</Filter>
    </ClInclude>
    <ClInclude Include="src\zygo\geometry\segment\segment2.h">
      <Filter>zygo\geometry\segment</Filter>
    </ClInclude>
    <ClInclude Include="src\zygo\geometry\segment\segment3.h">
      <Filter>zygo\geometry\segment</Filter>
    </ClInclude>
    <ClInclude Include="src\zygo\control\pid\pid.h">
      <Filter>zygo\control\pid</Filter>
    </ClInclude>
    <ClInclude Include="src\zygo\math\quaternion\quaternion.h">
      <Filter>zygo\math\quaternion</Filter>
    </ClInclude>
    <ClInclude Include="src\zygo\math\bigint\big_int.h">
      <Filter>zygo\math\bigint</Filter>
    </ClInclude>
    <ClInclude Include="src\zygo\math\bigint\big_int_32.h">
      <Filter>zygo\math\bigint</Filter>
    </ClInclude>
    <ClInclude Include="src\zygo\math\bigint\big_int3.h">
      <Filter>zygo\math\bigint</Filter>
    </ClInclude>
    <ClInclude Include="src\zygo\io_helpers\matrix_serialize.h">
      <Filter>zygo\io_helpers</Filter>
    </ClInclude>
    <ClInclude Include="src\zygo\debug\print_matrix.h">
      <Filter>zygo\debug</Filter>
    </ClInclude>
    <ClInclude Include="src\zygo\containers\circular_buffer\circular_buffer.h">
      <Filter>zygo\containers\circular_buffer</Filter>
    </ClInclude>
    <ClInclude Include="src\zygo\containers\circular_buffer\circular_buffer_for_objects.h">
      <Filter>zygo\containers\circular_buffer</Filter>
    </ClInclude>
    <ClInclude Include="src\zygo\containers\circular_buffer\circular_buffer_base.h">
      <Filter>zygo\containers\circular_buffer</Filter>
    </ClInclude>
    <ClInclude Include="src\zygo\physics\body\articulated_body.h">
      <Filter>zygo\physics\body</Filter>
    </ClInclude>
    <ClInclude Include="src\zygo\physics\body\rigid_body.h">
      <Filter>zygo\physics\body</Filter>
    </ClInclude>
    <ClInclude Include="src\zygo\physics\joint\hinge_joint.h">
      <Filter>zygo\physics\joint</Filter>
    </ClInclude>
    <ClInclude Include="src\zygo\physics\joint\joint_limits.h">
      <Filter>zygo\physics\joint</Filter>
    </ClInclude>
    <ClInclude Include="src\zygo\physics\world\contact_point.h">
      <Filter>zygo\physics\world</Filter>
    </ClInclude>
    <ClInclude Include="src\zygo\physics\world\physics_world.h">
      <Filter>zygo\physics\world</Filter>
    </ClInclude>
    <ClInclude Include="src\zygo\physics\terrain\terrain.h">
      <Filter>zygo\physics\terrain</Filter>
    </ClInclude>
    <ClInclude Include="src\zygo\physics\shape\shape.h">
      <Filter>zygo\physics\shape</Filter>
    </ClInclude>
    <ClInclude Include="src\zygo\physics\shape\shape_box.h">
      <Filter>zygo\physics\shape</Filter>
    </ClInclude>
    <ClInclude Include="src\zygo\physics\shape\shape_capsule.h">
      <Filter>zygo\physics\shape</Filter>
    </ClInclude>
    <ClInclude Include="src\zygo\physics\shape\shape_cylinder.h">
      <Filter>zygo\physics\shape</Filter>
    </ClInclude>
    <ClInclude Include="src\zygo\physics\shape\shape_sphere.h">
      <Filter>zygo\physics\shape</Filter>
    </ClInclude>
    <ClInclude Include="src\zygo\physics\i_physics_drawer.h">
      <Filter>zygo\physics</Filter>
    </ClInclude>
    <ClInclude Include="src\zygo\physics\phys_consts.h">
      <Filter>zygo\physics</Filter>
    </ClInclude>
    <ClInclude Include="src\zygo\physics\phys_math.h">
      <Filter>zygo\physics</Filter>
    </ClInclude>
    <ClInclude Include="src\zygo\physics\physics.h">
      <Filter>zygo\physics</Filter>
    </ClInclude>
    <ClInclude Include="src\zygo\physics\solver_statistics.h">
      <Filter>zygo\physics</Filter>
    </ClInclude>
    <ClInclude Include="src\zygo\physics\solver_settings.h">
      <Filter>zygo\physics</Filter>
    </ClInclude>
  </ItemGroup>
</Project>